
Microsoft Visual Studio Solution File, Format Version 12.00
# Visual Studio Version 16
VisualStudioVersion = 16.0.29201.188
MinimumVisualStudioVersion = 10.0.40219.1
Project("{FAE04EC0-301F-11D3-BF4B-00C04F79EFBC}") = "Calculator", "Calculator\Calculator.csproj", "{04EFEA37-B19F-4FBE-A23A-B39A07A13606}"
EndProject
Project("{FAE04EC0-301F-11D3-BF4B-00C04F79EFBC}") = "Game", "..\18520930_TH3\Game\Game.csproj", "{3156EB81-67C3-45D5-9E9C-7C98FA0AA4C9}"
EndProject
Global
	GlobalSection(SolutionConfigurationPlatforms) = preSolution
		Debug|Any CPU = Debug|Any CPU
		Release|Any CPU = Release|Any CPU
	EndGlobalSection
	GlobalSection(ProjectConfigurationPlatforms) = postSolution
		{04EFEA37-B19F-4FBE-A23A-B39A07A13606}.Debug|Any CPU.ActiveCfg = Debug|Any CPU
		{04EFEA37-B19F-4FBE-A23A-B39A07A13606}.Debug|Any CPU.Build.0 = Debug|Any CPU
		{04EFEA37-B19F-4FBE-A23A-B39A07A13606}.Release|Any CPU.ActiveCfg = Release|Any CPU
		{04EFEA37-B19F-4FBE-A23A-B39A07A13606}.Release|Any CPU.Build.0 = Release|Any CPU
		{3156EB81-67C3-45D5-9E9C-7C98FA0AA4C9}.Debug|Any CPU.ActiveCfg = Debug|Any CPU
		{3156EB81-67C3-45D5-9E9C-7C98FA0AA4C9}.Debug|Any CPU.Build.0 = Debug|Any CPU
		{3156EB81-67C3-45D5-9E9C-7C98FA0AA4C9}.Release|Any CPU.ActiveCfg = Release|Any CPU
		{3156EB81-67C3-45D5-9E9C-7C98FA0AA4C9}.Release|Any CPU.Build.0 = Release|Any CPU
	EndGlobalSection
	GlobalSection(SolutionProperties) = preSolution
		HideSolutionNode = FALSE
	EndGlobalSection
	GlobalSection(ExtensibilityGlobals) = postSolution
		SolutionGuid = {C1BBD1F3-8CC8-4E43-B53A-8E7E9ED856B4}
	EndGlobalSection
EndGlobal
